// !$*UTF8*$!
{
	archiveVersion = 1;
	classes = {
	};
	objectVersion = 46;
	objects = {

/* Begin PBXBuildFile section */
		8DC43BB1174A221300129991 /* UIKit.framework in Frameworks */ = {isa = PBXBuildFile; fileRef = 8DC43BB0174A221300129991 /* UIKit.framework */; };
		8DC43BB3174A221300129991 /* Foundation.framework in Frameworks */ = {isa = PBXBuildFile; fileRef = 8DC43BB2174A221300129991 /* Foundation.framework */; };
		8DC43BB5174A221300129991 /* CoreGraphics.framework in Frameworks */ = {isa = PBXBuildFile; fileRef = 8DC43BB4174A221300129991 /* CoreGraphics.framework */; };
		8DC43BB7174A221300129991 /* CoreData.framework in Frameworks */ = {isa = PBXBuildFile; fileRef = 8DC43BB6174A221300129991 /* CoreData.framework */; };
		8DC43BBD174A221300129991 /* InfoPlist.strings in Resources */ = {isa = PBXBuildFile; fileRef = 8DC43BBB174A221300129991 /* InfoPlist.strings */; };
		8DC43BBF174A221300129991 /* main.m in Sources */ = {isa = PBXBuildFile; fileRef = 8DC43BBE174A221300129991 /* main.m */; };
		8DC43BC3174A221300129991 /* RPAppDelegate.m in Sources */ = {isa = PBXBuildFile; fileRef = 8DC43BC2174A221300129991 /* RPAppDelegate.m */; };
		8DC43BC5174A221300129991 /* Default.png in Resources */ = {isa = PBXBuildFile; fileRef = 8DC43BC4174A221300129991 /* Default.png */; };
		8DC43BC7174A221300129991 /* Default@2x.png in Resources */ = {isa = PBXBuildFile; fileRef = 8DC43BC6174A221300129991 /* Default@2x.png */; };
		8DC43BC9174A221300129991 /* Default-568h@2x.png in Resources */ = {isa = PBXBuildFile; fileRef = 8DC43BC8174A221300129991 /* Default-568h@2x.png */; };
		8DC43BCC174A221300129991 /* MainStoryboard_iPhone.storyboard in Resources */ = {isa = PBXBuildFile; fileRef = 8DC43BCA174A221300129991 /* MainStoryboard_iPhone.storyboard */; };
		8DC43BCF174A221300129991 /* MainStoryboard_iPad.storyboard in Resources */ = {isa = PBXBuildFile; fileRef = 8DC43BCD174A221300129991 /* MainStoryboard_iPad.storyboard */; };
		8DC43BD2174A221300129991 /* RSS_Proxy.xcdatamodeld in Sources */ = {isa = PBXBuildFile; fileRef = 8DC43BD0174A221300129991 /* RSS_Proxy.xcdatamodeld */; };
		8DC43BD5174A221300129991 /* RPMasterViewController.m in Sources */ = {isa = PBXBuildFile; fileRef = 8DC43BD4174A221300129991 /* RPMasterViewController.m */; };
		8DC43BD8174A221300129991 /* RPDetailViewController.m in Sources */ = {isa = PBXBuildFile; fileRef = 8DC43BD7174A221300129991 /* RPDetailViewController.m */; };
		8DC43BE0174A485A00129991 /* FeedItem.m in Sources */ = {isa = PBXBuildFile; fileRef = 8DC43BDF174A485A00129991 /* FeedItem.m */; };
		8DC43BE3174A485B00129991 /* Feed.m in Sources */ = {isa = PBXBuildFile; fileRef = 8DC43BE2174A485B00129991 /* Feed.m */; };
		8DC43BEC174AAB3500129991 /* RPFeedViewController.m in Sources */ = {isa = PBXBuildFile; fileRef = 8DC43BEB174AAB3500129991 /* RPFeedViewController.m */; };
		8DC43BF9174AB3AD00129991 /* MWFeedInfo.m in Sources */ = {isa = PBXBuildFile; fileRef = 8DC43BF4174AB29300129991 /* MWFeedInfo.m */; settings = {COMPILER_FLAGS = "-fno-objc-arc"; }; };
		8DC43BFA174AB3AD00129991 /* MWFeedItem.m in Sources */ = {isa = PBXBuildFile; fileRef = 8DC43BF6174AB29300129991 /* MWFeedItem.m */; settings = {COMPILER_FLAGS = "-fno-objc-arc"; }; };
		8DC43BFB174AB3AD00129991 /* MWFeedParser.m in Sources */ = {isa = PBXBuildFile; fileRef = 8DC43BF2174AB1E100129991 /* MWFeedParser.m */; settings = {COMPILER_FLAGS = "-fno-objc-arc"; }; };
		8DC43C03174AB55E00129991 /* NSDate+InternetDateTime.m in Sources */ = {isa = PBXBuildFile; fileRef = 8DC43BFE174AB54F00129991 /* NSDate+InternetDateTime.m */; settings = {COMPILER_FLAGS = "-fno-objc-arc"; }; };
		8DC43C04174AB55E00129991 /* NSString+HTML.m in Sources */ = {isa = PBXBuildFile; fileRef = 8DC43C00174AB54F00129991 /* NSString+HTML.m */; settings = {COMPILER_FLAGS = "-fno-objc-arc"; }; };
		8DC43C05174AB55E00129991 /* NSString+XMLEntities.m in Sources */ = {isa = PBXBuildFile; fileRef = 8DC43C02174AB54F00129991 /* NSString+XMLEntities.m */; settings = {COMPILER_FLAGS = "-fno-objc-arc"; }; };
		8DC43C06174AB55E00129991 /* MWFeedParser_Private.h in Sources */ = {isa = PBXBuildFile; fileRef = 8DC43BFC174AB53500129991 /* MWFeedParser_Private.h */; settings = {COMPILER_FLAGS = "-fno-objc-arc"; }; };
		8DC43C09174AB57F00129991 /* GTMNSString+HTML.m in Sources */ = {isa = PBXBuildFile; fileRef = 8DC43C08174AB57B00129991 /* GTMNSString+HTML.m */; settings = {COMPILER_FLAGS = "-fno-objc-arc"; }; };
		8DC943E0179BC95A00CE3D72 /* unread.png in Resources */ = {isa = PBXBuildFile; fileRef = 8DC943DE179BC95A00CE3D72 /* unread.png */; };
		8DC943E1179BC95A00CE3D72 /* unread@2x.png in Resources */ = {isa = PBXBuildFile; fileRef = 8DC943DF179BC95A00CE3D72 /* unread@2x.png */; };
		8DC943E3179BCB2000CE3D72 /* feeds.png in Resources */ = {isa = PBXBuildFile; fileRef = 8DC943E2179BCB2000CE3D72 /* feeds.png */; };
		8DC943E5179BCC2500CE3D72 /* items.png in Resources */ = {isa = PBXBuildFile; fileRef = 8DC943E4179BCC2500CE3D72 /* items.png */; };
		8DC943E7179BCC2900CE3D72 /* items@2x.png in Resources */ = {isa = PBXBuildFile; fileRef = 8DC943E6179BCC2900CE3D72 /* items@2x.png */; };
		8DC94411179C186700CE3D72 /* IASKAppSettingsViewController.m in Sources */ = {isa = PBXBuildFile; fileRef = 8DC943F3179C186700CE3D72 /* IASKAppSettingsViewController.m */; };
		8DC94412179C186700CE3D72 /* IASKAppSettingsWebViewController.m in Sources */ = {isa = PBXBuildFile; fileRef = 8DC943F5179C186700CE3D72 /* IASKAppSettingsWebViewController.m */; };
		8DC94413179C186700CE3D72 /* IASKSpecifierValuesViewController.m in Sources */ = {isa = PBXBuildFile; fileRef = 8DC943F7179C186700CE3D72 /* IASKSpecifierValuesViewController.m */; };
		8DC94414179C186700CE3D72 /* IASKSettingsReader.m in Sources */ = {isa = PBXBuildFile; fileRef = 8DC943FB179C186700CE3D72 /* IASKSettingsReader.m */; };
		8DC94415179C186700CE3D72 /* IASKSettingsStore.m in Sources */ = {isa = PBXBuildFile; fileRef = 8DC943FD179C186700CE3D72 /* IASKSettingsStore.m */; };
		8DC94416179C186700CE3D72 /* IASKSettingsStoreFile.m in Sources */ = {isa = PBXBuildFile; fileRef = 8DC943FF179C186700CE3D72 /* IASKSettingsStoreFile.m */; };
		8DC94417179C186700CE3D72 /* IASKSettingsStoreUserDefaults.m in Sources */ = {isa = PBXBuildFile; fileRef = 8DC94401179C186700CE3D72 /* IASKSettingsStoreUserDefaults.m */; };
		8DC94418179C186700CE3D72 /* IASKSpecifier.m in Sources */ = {isa = PBXBuildFile; fileRef = 8DC94403179C186700CE3D72 /* IASKSpecifier.m */; };
		8DC94419179C186700CE3D72 /* IASKPSSliderSpecifierViewCell.m in Sources */ = {isa = PBXBuildFile; fileRef = 8DC94406179C186700CE3D72 /* IASKPSSliderSpecifierViewCell.m */; };
		8DC9441A179C186700CE3D72 /* IASKPSTextFieldSpecifierViewCell.m in Sources */ = {isa = PBXBuildFile; fileRef = 8DC94408179C186700CE3D72 /* IASKPSTextFieldSpecifierViewCell.m */; };
		8DC9441B179C186700CE3D72 /* IASKPSTitleValueSpecifierViewCell.m in Sources */ = {isa = PBXBuildFile; fileRef = 8DC9440A179C186700CE3D72 /* IASKPSTitleValueSpecifierViewCell.m */; };
		8DC9441C179C186700CE3D72 /* IASKSlider.m in Sources */ = {isa = PBXBuildFile; fileRef = 8DC9440C179C186700CE3D72 /* IASKSlider.m */; };
		8DC9441D179C186700CE3D72 /* IASKSwitch.m in Sources */ = {isa = PBXBuildFile; fileRef = 8DC9440E179C186700CE3D72 /* IASKSwitch.m */; };
		8DC9441E179C186700CE3D72 /* IASKTextField.m in Sources */ = {isa = PBXBuildFile; fileRef = 8DC94410179C186700CE3D72 /* IASKTextField.m */; };
		8DC94420179C19AB00CE3D72 /* MessageUI.framework in Frameworks */ = {isa = PBXBuildFile; fileRef = 8DC9441F179C19AB00CE3D72 /* MessageUI.framework */; };
		8DC94423179C41FF00CE3D72 /* settings.png in Resources */ = {isa = PBXBuildFile; fileRef = 8DC94421179C41FF00CE3D72 /* settings.png */; };
		8DC94424179C41FF00CE3D72 /* settings@2x.png in Resources */ = {isa = PBXBuildFile; fileRef = 8DC94422179C41FF00CE3D72 /* settings@2x.png */; };
		8DC94427179C421600CE3D72 /* icon.png in Resources */ = {isa = PBXBuildFile; fileRef = 8DC94425179C421600CE3D72 /* icon.png */; };
		8DC94428179C421600CE3D72 /* icon@2x.png in Resources */ = {isa = PBXBuildFile; fileRef = 8DC94426179C421600CE3D72 /* icon@2x.png */; };
		8DC94432179C46DE00CE3D72 /* Settings.bundle in Resources */ = {isa = PBXBuildFile; fileRef = 8DC94431179C46DE00CE3D72 /* Settings.bundle */; };
		8DC94448179CA05600CE3D72 /* ASIAuthenticationDialog.m in Sources */ = {isa = PBXBuildFile; fileRef = 8DC94435179CA05600CE3D72 /* ASIAuthenticationDialog.m */; settings = {COMPILER_FLAGS = "-fno-objc-arc"; }; };
		8DC94449179CA05600CE3D72 /* ASIDataCompressor.m in Sources */ = {isa = PBXBuildFile; fileRef = 8DC94438179CA05600CE3D72 /* ASIDataCompressor.m */; settings = {COMPILER_FLAGS = "-fno-objc-arc"; }; };
		8DC9444A179CA05600CE3D72 /* ASIDataDecompressor.m in Sources */ = {isa = PBXBuildFile; fileRef = 8DC9443A179CA05600CE3D72 /* ASIDataDecompressor.m */; settings = {COMPILER_FLAGS = "-fno-objc-arc"; }; };
		8DC9444B179CA05600CE3D72 /* ASIDownloadCache.m in Sources */ = {isa = PBXBuildFile; fileRef = 8DC9443C179CA05600CE3D72 /* ASIDownloadCache.m */; settings = {COMPILER_FLAGS = "-fno-objc-arc"; }; };
		8DC9444C179CA05600CE3D72 /* ASIFormDataRequest.m in Sources */ = {isa = PBXBuildFile; fileRef = 8DC9443E179CA05600CE3D72 /* ASIFormDataRequest.m */; settings = {COMPILER_FLAGS = "-fno-objc-arc"; }; };
		8DC9444D179CA05600CE3D72 /* ASIHTTPRequest.m in Sources */ = {isa = PBXBuildFile; fileRef = 8DC94440179CA05600CE3D72 /* ASIHTTPRequest.m */; settings = {COMPILER_FLAGS = "-fno-objc-arc"; }; };
		8DC9444E179CA05600CE3D72 /* ASIInputStream.m in Sources */ = {isa = PBXBuildFile; fileRef = 8DC94444179CA05600CE3D72 /* ASIInputStream.m */; settings = {COMPILER_FLAGS = "-fno-objc-arc"; }; };
		8DC9444F179CA05600CE3D72 /* ASINetworkQueue.m in Sources */ = {isa = PBXBuildFile; fileRef = 8DC94446179CA05600CE3D72 /* ASINetworkQueue.m */; settings = {COMPILER_FLAGS = "-fno-objc-arc"; }; };
		8DC94452179CA07100CE3D72 /* Reachability.m in Sources */ = {isa = PBXBuildFile; fileRef = 8DC94451179CA07100CE3D72 /* Reachability.m */; settings = {COMPILER_FLAGS = "-fno-objc-arc"; }; };
		8DC94454179CA0B600CE3D72 /* CFNetwork.framework in Frameworks */ = {isa = PBXBuildFile; fileRef = 8DC94453179CA0B600CE3D72 /* CFNetwork.framework */; };
		8DC94456179CA0BE00CE3D72 /* SystemConfiguration.framework in Frameworks */ = {isa = PBXBuildFile; fileRef = 8DC94455179CA0BE00CE3D72 /* SystemConfiguration.framework */; };
		8DC94458179CA0C700CE3D72 /* MobileCoreServices.framework in Frameworks */ = {isa = PBXBuildFile; fileRef = 8DC94457179CA0C700CE3D72 /* MobileCoreServices.framework */; };
		8DC9445A179CA0E100CE3D72 /* libz.dylib in Frameworks */ = {isa = PBXBuildFile; fileRef = 8DC94459179CA0E000CE3D72 /* libz.dylib */; };
/* End PBXBuildFile section */

/* Begin PBXFileReference section */
		8DC43BAD174A221300129991 /* RSS Proxy.app */ = {isa = PBXFileReference; explicitFileType = wrapper.application; includeInIndex = 0; path = "RSS Proxy.app"; sourceTree = BUILT_PRODUCTS_DIR; };
		8DC43BB0174A221300129991 /* UIKit.framework */ = {isa = PBXFileReference; lastKnownFileType = wrapper.framework; name = UIKit.framework; path = System/Library/Frameworks/UIKit.framework; sourceTree = SDKROOT; };
		8DC43BB2174A221300129991 /* Foundation.framework */ = {isa = PBXFileReference; lastKnownFileType = wrapper.framework; name = Foundation.framework; path = System/Library/Frameworks/Foundation.framework; sourceTree = SDKROOT; };
		8DC43BB4174A221300129991 /* CoreGraphics.framework */ = {isa = PBXFileReference; lastKnownFileType = wrapper.framework; name = CoreGraphics.framework; path = System/Library/Frameworks/CoreGraphics.framework; sourceTree = SDKROOT; };
		8DC43BB6174A221300129991 /* CoreData.framework */ = {isa = PBXFileReference; lastKnownFileType = wrapper.framework; name = CoreData.framework; path = System/Library/Frameworks/CoreData.framework; sourceTree = SDKROOT; };
		8DC43BBA174A221300129991 /* RSS Proxy-Info.plist */ = {isa = PBXFileReference; lastKnownFileType = text.plist.xml; path = "RSS Proxy-Info.plist"; sourceTree = "<group>"; };
		8DC43BBC174A221300129991 /* en */ = {isa = PBXFileReference; lastKnownFileType = text.plist.strings; name = en; path = en.lproj/InfoPlist.strings; sourceTree = "<group>"; };
		8DC43BBE174A221300129991 /* main.m */ = {isa = PBXFileReference; lastKnownFileType = sourcecode.c.objc; path = main.m; sourceTree = "<group>"; };
		8DC43BC0174A221300129991 /* RSS Proxy-Prefix.pch */ = {isa = PBXFileReference; lastKnownFileType = sourcecode.c.h; path = "RSS Proxy-Prefix.pch"; sourceTree = "<group>"; };
		8DC43BC1174A221300129991 /* RPAppDelegate.h */ = {isa = PBXFileReference; lastKnownFileType = sourcecode.c.h; path = RPAppDelegate.h; sourceTree = "<group>"; };
		8DC43BC2174A221300129991 /* RPAppDelegate.m */ = {isa = PBXFileReference; lastKnownFileType = sourcecode.c.objc; path = RPAppDelegate.m; sourceTree = "<group>"; };
		8DC43BC4174A221300129991 /* Default.png */ = {isa = PBXFileReference; lastKnownFileType = image.png; path = Default.png; sourceTree = "<group>"; };
		8DC43BC6174A221300129991 /* Default@2x.png */ = {isa = PBXFileReference; lastKnownFileType = image.png; path = "Default@2x.png"; sourceTree = "<group>"; };
		8DC43BC8174A221300129991 /* Default-568h@2x.png */ = {isa = PBXFileReference; lastKnownFileType = image.png; path = "Default-568h@2x.png"; sourceTree = "<group>"; };
		8DC43BCB174A221300129991 /* en */ = {isa = PBXFileReference; lastKnownFileType = file.storyboard; name = en; path = en.lproj/MainStoryboard_iPhone.storyboard; sourceTree = "<group>"; };
		8DC43BCE174A221300129991 /* en */ = {isa = PBXFileReference; lastKnownFileType = file.storyboard; name = en; path = en.lproj/MainStoryboard_iPad.storyboard; sourceTree = "<group>"; };
		8DC43BD1174A221300129991 /* RSS_Proxy.xcdatamodel */ = {isa = PBXFileReference; lastKnownFileType = wrapper.xcdatamodel; path = RSS_Proxy.xcdatamodel; sourceTree = "<group>"; };
		8DC43BD3174A221300129991 /* RPMasterViewController.h */ = {isa = PBXFileReference; lastKnownFileType = sourcecode.c.h; path = RPMasterViewController.h; sourceTree = "<group>"; };
		8DC43BD4174A221300129991 /* RPMasterViewController.m */ = {isa = PBXFileReference; lastKnownFileType = sourcecode.c.objc; path = RPMasterViewController.m; sourceTree = "<group>"; };
		8DC43BD6174A221300129991 /* RPDetailViewController.h */ = {isa = PBXFileReference; lastKnownFileType = sourcecode.c.h; path = RPDetailViewController.h; sourceTree = "<group>"; };
		8DC43BD7174A221300129991 /* RPDetailViewController.m */ = {isa = PBXFileReference; lastKnownFileType = sourcecode.c.objc; path = RPDetailViewController.m; sourceTree = "<group>"; };
		8DC43BDE174A485A00129991 /* FeedItem.h */ = {isa = PBXFileReference; fileEncoding = 4; lastKnownFileType = sourcecode.c.h; name = FeedItem.h; path = Models/FeedItem.h; sourceTree = "<group>"; };
		8DC43BDF174A485A00129991 /* FeedItem.m */ = {isa = PBXFileReference; fileEncoding = 4; lastKnownFileType = sourcecode.c.objc; name = FeedItem.m; path = Models/FeedItem.m; sourceTree = "<group>"; };
		8DC43BE1174A485B00129991 /* Feed.h */ = {isa = PBXFileReference; fileEncoding = 4; lastKnownFileType = sourcecode.c.h; name = Feed.h; path = Models/Feed.h; sourceTree = "<group>"; };
		8DC43BE2174A485B00129991 /* Feed.m */ = {isa = PBXFileReference; fileEncoding = 4; lastKnownFileType = sourcecode.c.objc; name = Feed.m; path = Models/Feed.m; sourceTree = "<group>"; };
		8DC43BEA174AAB3500129991 /* RPFeedViewController.h */ = {isa = PBXFileReference; fileEncoding = 4; lastKnownFileType = sourcecode.c.h; path = RPFeedViewController.h; sourceTree = "<group>"; };
		8DC43BEB174AAB3500129991 /* RPFeedViewController.m */ = {isa = PBXFileReference; fileEncoding = 4; lastKnownFileType = sourcecode.c.objc; path = RPFeedViewController.m; sourceTree = "<group>"; };
		8DC43BF1174AB1E100129991 /* MWFeedParser.h */ = {isa = PBXFileReference; lastKnownFileType = sourcecode.c.h; path = MWFeedParser.h; sourceTree = "<group>"; };
		8DC43BF2174AB1E100129991 /* MWFeedParser.m */ = {isa = PBXFileReference; lastKnownFileType = sourcecode.c.objc; path = MWFeedParser.m; sourceTree = "<group>"; };
		8DC43BF3174AB29300129991 /* MWFeedInfo.h */ = {isa = PBXFileReference; lastKnownFileType = sourcecode.c.h; path = MWFeedInfo.h; sourceTree = "<group>"; };
		8DC43BF4174AB29300129991 /* MWFeedInfo.m */ = {isa = PBXFileReference; lastKnownFileType = sourcecode.c.objc; path = MWFeedInfo.m; sourceTree = "<group>"; };
		8DC43BF5174AB29300129991 /* MWFeedItem.h */ = {isa = PBXFileReference; lastKnownFileType = sourcecode.c.h; path = MWFeedItem.h; sourceTree = "<group>"; };
		8DC43BF6174AB29300129991 /* MWFeedItem.m */ = {isa = PBXFileReference; lastKnownFileType = sourcecode.c.objc; path = MWFeedItem.m; sourceTree = "<group>"; };
		8DC43BFC174AB53500129991 /* MWFeedParser_Private.h */ = {isa = PBXFileReference; lastKnownFileType = sourcecode.c.h; path = MWFeedParser_Private.h; sourceTree = "<group>"; };
		8DC43BFD174AB54F00129991 /* NSDate+InternetDateTime.h */ = {isa = PBXFileReference; lastKnownFileType = sourcecode.c.h; path = "NSDate+InternetDateTime.h"; sourceTree = "<group>"; };
		8DC43BFE174AB54F00129991 /* NSDate+InternetDateTime.m */ = {isa = PBXFileReference; lastKnownFileType = sourcecode.c.objc; path = "NSDate+InternetDateTime.m"; sourceTree = "<group>"; };
		8DC43BFF174AB54F00129991 /* NSString+HTML.h */ = {isa = PBXFileReference; lastKnownFileType = sourcecode.c.h; path = "NSString+HTML.h"; sourceTree = "<group>"; };
		8DC43C00174AB54F00129991 /* NSString+HTML.m */ = {isa = PBXFileReference; lastKnownFileType = sourcecode.c.objc; path = "NSString+HTML.m"; sourceTree = "<group>"; };
		8DC43C01174AB54F00129991 /* NSString+XMLEntities.h */ = {isa = PBXFileReference; lastKnownFileType = sourcecode.c.h; path = "NSString+XMLEntities.h"; sourceTree = "<group>"; };
		8DC43C02174AB54F00129991 /* NSString+XMLEntities.m */ = {isa = PBXFileReference; lastKnownFileType = sourcecode.c.objc; path = "NSString+XMLEntities.m"; sourceTree = "<group>"; };
		8DC43C07174AB57B00129991 /* GTMNSString+HTML.h */ = {isa = PBXFileReference; lastKnownFileType = sourcecode.c.h; path = "GTMNSString+HTML.h"; sourceTree = "<group>"; };
		8DC43C08174AB57B00129991 /* GTMNSString+HTML.m */ = {isa = PBXFileReference; lastKnownFileType = sourcecode.c.objc; path = "GTMNSString+HTML.m"; sourceTree = "<group>"; };
		8DC943DE179BC95A00CE3D72 /* unread.png */ = {isa = PBXFileReference; lastKnownFileType = image.png; path = unread.png; sourceTree = "<group>"; };
		8DC943DF179BC95A00CE3D72 /* unread@2x.png */ = {isa = PBXFileReference; lastKnownFileType = image.png; path = "unread@2x.png"; sourceTree = "<group>"; };
		8DC943E2179BCB2000CE3D72 /* feeds.png */ = {isa = PBXFileReference; lastKnownFileType = image.png; path = feeds.png; sourceTree = "<group>"; };
		8DC943E4179BCC2500CE3D72 /* items.png */ = {isa = PBXFileReference; lastKnownFileType = image.png; path = items.png; sourceTree = "<group>"; };
		8DC943E6179BCC2900CE3D72 /* items@2x.png */ = {isa = PBXFileReference; lastKnownFileType = image.png; path = "items@2x.png"; sourceTree = "<group>"; };
		8DC943F2179C186700CE3D72 /* IASKAppSettingsViewController.h */ = {isa = PBXFileReference; fileEncoding = 4; lastKnownFileType = sourcecode.c.h; path = IASKAppSettingsViewController.h; sourceTree = "<group>"; };
		8DC943F3179C186700CE3D72 /* IASKAppSettingsViewController.m */ = {isa = PBXFileReference; fileEncoding = 4; lastKnownFileType = sourcecode.c.objc; path = IASKAppSettingsViewController.m; sourceTree = "<group>"; };
		8DC943F4179C186700CE3D72 /* IASKAppSettingsWebViewController.h */ = {isa = PBXFileReference; fileEncoding = 4; lastKnownFileType = sourcecode.c.h; path = IASKAppSettingsWebViewController.h; sourceTree = "<group>"; };
		8DC943F5179C186700CE3D72 /* IASKAppSettingsWebViewController.m */ = {isa = PBXFileReference; fileEncoding = 4; lastKnownFileType = sourcecode.c.objc; path = IASKAppSettingsWebViewController.m; sourceTree = "<group>"; };
		8DC943F6179C186700CE3D72 /* IASKSpecifierValuesViewController.h */ = {isa = PBXFileReference; fileEncoding = 4; lastKnownFileType = sourcecode.c.h; path = IASKSpecifierValuesViewController.h; sourceTree = "<group>"; };
		8DC943F7179C186700CE3D72 /* IASKSpecifierValuesViewController.m */ = {isa = PBXFileReference; fileEncoding = 4; lastKnownFileType = sourcecode.c.objc; path = IASKSpecifierValuesViewController.m; sourceTree = "<group>"; };
		8DC943F8179C186700CE3D72 /* IASKViewController.h */ = {isa = PBXFileReference; fileEncoding = 4; lastKnownFileType = sourcecode.c.h; path = IASKViewController.h; sourceTree = "<group>"; };
		8DC943FA179C186700CE3D72 /* IASKSettingsReader.h */ = {isa = PBXFileReference; fileEncoding = 4; lastKnownFileType = sourcecode.c.h; path = IASKSettingsReader.h; sourceTree = "<group>"; };
		8DC943FB179C186700CE3D72 /* IASKSettingsReader.m */ = {isa = PBXFileReference; fileEncoding = 4; lastKnownFileType = sourcecode.c.objc; path = IASKSettingsReader.m; sourceTree = "<group>"; };
		8DC943FC179C186700CE3D72 /* IASKSettingsStore.h */ = {isa = PBXFileReference; fileEncoding = 4; lastKnownFileType = sourcecode.c.h; path = IASKSettingsStore.h; sourceTree = "<group>"; };
		8DC943FD179C186700CE3D72 /* IASKSettingsStore.m */ = {isa = PBXFileReference; fileEncoding = 4; lastKnownFileType = sourcecode.c.objc; path = IASKSettingsStore.m; sourceTree = "<group>"; };
		8DC943FE179C186700CE3D72 /* IASKSettingsStoreFile.h */ = {isa = PBXFileReference; fileEncoding = 4; lastKnownFileType = sourcecode.c.h; path = IASKSettingsStoreFile.h; sourceTree = "<group>"; };
		8DC943FF179C186700CE3D72 /* IASKSettingsStoreFile.m */ = {isa = PBXFileReference; fileEncoding = 4; lastKnownFileType = sourcecode.c.objc; path = IASKSettingsStoreFile.m; sourceTree = "<group>"; };
		8DC94400179C186700CE3D72 /* IASKSettingsStoreUserDefaults.h */ = {isa = PBXFileReference; fileEncoding = 4; lastKnownFileType = sourcecode.c.h; path = IASKSettingsStoreUserDefaults.h; sourceTree = "<group>"; };
		8DC94401179C186700CE3D72 /* IASKSettingsStoreUserDefaults.m */ = {isa = PBXFileReference; fileEncoding = 4; lastKnownFileType = sourcecode.c.objc; path = IASKSettingsStoreUserDefaults.m; sourceTree = "<group>"; };
		8DC94402179C186700CE3D72 /* IASKSpecifier.h */ = {isa = PBXFileReference; fileEncoding = 4; lastKnownFileType = sourcecode.c.h; path = IASKSpecifier.h; sourceTree = "<group>"; };
		8DC94403179C186700CE3D72 /* IASKSpecifier.m */ = {isa = PBXFileReference; fileEncoding = 4; lastKnownFileType = sourcecode.c.objc; path = IASKSpecifier.m; sourceTree = "<group>"; };
		8DC94405179C186700CE3D72 /* IASKPSSliderSpecifierViewCell.h */ = {isa = PBXFileReference; fileEncoding = 4; lastKnownFileType = sourcecode.c.h; path = IASKPSSliderSpecifierViewCell.h; sourceTree = "<group>"; };
		8DC94406179C186700CE3D72 /* IASKPSSliderSpecifierViewCell.m */ = {isa = PBXFileReference; fileEncoding = 4; lastKnownFileType = sourcecode.c.objc; path = IASKPSSliderSpecifierViewCell.m; sourceTree = "<group>"; };
		8DC94407179C186700CE3D72 /* IASKPSTextFieldSpecifierViewCell.h */ = {isa = PBXFileReference; fileEncoding = 4; lastKnownFileType = sourcecode.c.h; path = IASKPSTextFieldSpecifierViewCell.h; sourceTree = "<group>"; };
		8DC94408179C186700CE3D72 /* IASKPSTextFieldSpecifierViewCell.m */ = {isa = PBXFileReference; fileEncoding = 4; lastKnownFileType = sourcecode.c.objc; path = IASKPSTextFieldSpecifierViewCell.m; sourceTree = "<group>"; };
		8DC94409179C186700CE3D72 /* IASKPSTitleValueSpecifierViewCell.h */ = {isa = PBXFileReference; fileEncoding = 4; lastKnownFileType = sourcecode.c.h; path = IASKPSTitleValueSpecifierViewCell.h; sourceTree = "<group>"; };
		8DC9440A179C186700CE3D72 /* IASKPSTitleValueSpecifierViewCell.m */ = {isa = PBXFileReference; fileEncoding = 4; lastKnownFileType = sourcecode.c.objc; path = IASKPSTitleValueSpecifierViewCell.m; sourceTree = "<group>"; };
		8DC9440B179C186700CE3D72 /* IASKSlider.h */ = {isa = PBXFileReference; fileEncoding = 4; lastKnownFileType = sourcecode.c.h; path = IASKSlider.h; sourceTree = "<group>"; };
		8DC9440C179C186700CE3D72 /* IASKSlider.m */ = {isa = PBXFileReference; fileEncoding = 4; lastKnownFileType = sourcecode.c.objc; path = IASKSlider.m; sourceTree = "<group>"; };
		8DC9440D179C186700CE3D72 /* IASKSwitch.h */ = {isa = PBXFileReference; fileEncoding = 4; lastKnownFileType = sourcecode.c.h; path = IASKSwitch.h; sourceTree = "<group>"; };
		8DC9440E179C186700CE3D72 /* IASKSwitch.m */ = {isa = PBXFileReference; fileEncoding = 4; lastKnownFileType = sourcecode.c.objc; path = IASKSwitch.m; sourceTree = "<group>"; };
		8DC9440F179C186700CE3D72 /* IASKTextField.h */ = {isa = PBXFileReference; fileEncoding = 4; lastKnownFileType = sourcecode.c.h; path = IASKTextField.h; sourceTree = "<group>"; };
		8DC94410179C186700CE3D72 /* IASKTextField.m */ = {isa = PBXFileReference; fileEncoding = 4; lastKnownFileType = sourcecode.c.objc; path = IASKTextField.m; sourceTree = "<group>"; };
		8DC9441F179C19AB00CE3D72 /* MessageUI.framework */ = {isa = PBXFileReference; lastKnownFileType = wrapper.framework; name = MessageUI.framework; path = System/Library/Frameworks/MessageUI.framework; sourceTree = SDKROOT; };
		8DC94421179C41FF00CE3D72 /* settings.png */ = {isa = PBXFileReference; lastKnownFileType = image.png; path = settings.png; sourceTree = "<group>"; };
		8DC94422179C41FF00CE3D72 /* settings@2x.png */ = {isa = PBXFileReference; lastKnownFileType = image.png; path = "settings@2x.png"; sourceTree = "<group>"; };
		8DC94425179C421600CE3D72 /* icon.png */ = {isa = PBXFileReference; lastKnownFileType = image.png; path = icon.png; sourceTree = "<group>"; };
		8DC94426179C421600CE3D72 /* icon@2x.png */ = {isa = PBXFileReference; lastKnownFileType = image.png; path = "icon@2x.png"; sourceTree = "<group>"; };
		8DC94431179C46DE00CE3D72 /* Settings.bundle */ = {isa = PBXFileReference; lastKnownFileType = "wrapper.plug-in"; path = Settings.bundle; sourceTree = "<group>"; };
		8DC94434179CA05600CE3D72 /* ASIAuthenticationDialog.h */ = {isa = PBXFileReference; fileEncoding = 4; lastKnownFileType = sourcecode.c.h; path = ASIAuthenticationDialog.h; sourceTree = "<group>"; };
		8DC94435179CA05600CE3D72 /* ASIAuthenticationDialog.m */ = {isa = PBXFileReference; fileEncoding = 4; lastKnownFileType = sourcecode.c.objc; path = ASIAuthenticationDialog.m; sourceTree = "<group>"; };
		8DC94436179CA05600CE3D72 /* ASICacheDelegate.h */ = {isa = PBXFileReference; fileEncoding = 4; lastKnownFileType = sourcecode.c.h; path = ASICacheDelegate.h; sourceTree = "<group>"; };
		8DC94437179CA05600CE3D72 /* ASIDataCompressor.h */ = {isa = PBXFileReference; fileEncoding = 4; lastKnownFileType = sourcecode.c.h; path = ASIDataCompressor.h; sourceTree = "<group>"; };
		8DC94438179CA05600CE3D72 /* ASIDataCompressor.m */ = {isa = PBXFileReference; fileEncoding = 4; lastKnownFileType = sourcecode.c.objc; path = ASIDataCompressor.m; sourceTree = "<group>"; };
		8DC94439179CA05600CE3D72 /* ASIDataDecompressor.h */ = {isa = PBXFileReference; fileEncoding = 4; lastKnownFileType = sourcecode.c.h; path = ASIDataDecompressor.h; sourceTree = "<group>"; };
		8DC9443A179CA05600CE3D72 /* ASIDataDecompressor.m */ = {isa = PBXFileReference; fileEncoding = 4; lastKnownFileType = sourcecode.c.objc; path = ASIDataDecompressor.m; sourceTree = "<group>"; };
		8DC9443B179CA05600CE3D72 /* ASIDownloadCache.h */ = {isa = PBXFileReference; fileEncoding = 4; lastKnownFileType = sourcecode.c.h; path = ASIDownloadCache.h; sourceTree = "<group>"; };
		8DC9443C179CA05600CE3D72 /* ASIDownloadCache.m */ = {isa = PBXFileReference; fileEncoding = 4; lastKnownFileType = sourcecode.c.objc; path = ASIDownloadCache.m; sourceTree = "<group>"; };
		8DC9443D179CA05600CE3D72 /* ASIFormDataRequest.h */ = {isa = PBXFileReference; fileEncoding = 4; lastKnownFileType = sourcecode.c.h; path = ASIFormDataRequest.h; sourceTree = "<group>"; };
		8DC9443E179CA05600CE3D72 /* ASIFormDataRequest.m */ = {isa = PBXFileReference; fileEncoding = 4; lastKnownFileType = sourcecode.c.objc; path = ASIFormDataRequest.m; sourceTree = "<group>"; };
		8DC9443F179CA05600CE3D72 /* ASIHTTPRequest.h */ = {isa = PBXFileReference; fileEncoding = 4; lastKnownFileType = sourcecode.c.h; path = ASIHTTPRequest.h; sourceTree = "<group>"; };
		8DC94440179CA05600CE3D72 /* ASIHTTPRequest.m */ = {isa = PBXFileReference; fileEncoding = 4; lastKnownFileType = sourcecode.c.objc; path = ASIHTTPRequest.m; sourceTree = "<group>"; };
		8DC94441179CA05600CE3D72 /* ASIHTTPRequestConfig.h */ = {isa = PBXFileReference; fileEncoding = 4; lastKnownFileType = sourcecode.c.h; path = ASIHTTPRequestConfig.h; sourceTree = "<group>"; };
		8DC94442179CA05600CE3D72 /* ASIHTTPRequestDelegate.h */ = {isa = PBXFileReference; fileEncoding = 4; lastKnownFileType = sourcecode.c.h; path = ASIHTTPRequestDelegate.h; sourceTree = "<group>"; };
		8DC94443179CA05600CE3D72 /* ASIInputStream.h */ = {isa = PBXFileReference; fileEncoding = 4; lastKnownFileType = sourcecode.c.h; path = ASIInputStream.h; sourceTree = "<group>"; };
		8DC94444179CA05600CE3D72 /* ASIInputStream.m */ = {isa = PBXFileReference; fileEncoding = 4; lastKnownFileType = sourcecode.c.objc; path = ASIInputStream.m; sourceTree = "<group>"; };
		8DC94445179CA05600CE3D72 /* ASINetworkQueue.h */ = {isa = PBXFileReference; fileEncoding = 4; lastKnownFileType = sourcecode.c.h; path = ASINetworkQueue.h; sourceTree = "<group>"; };
		8DC94446179CA05600CE3D72 /* ASINetworkQueue.m */ = {isa = PBXFileReference; fileEncoding = 4; lastKnownFileType = sourcecode.c.objc; path = ASINetworkQueue.m; sourceTree = "<group>"; };
		8DC94447179CA05600CE3D72 /* ASIProgressDelegate.h */ = {isa = PBXFileReference; fileEncoding = 4; lastKnownFileType = sourcecode.c.h; path = ASIProgressDelegate.h; sourceTree = "<group>"; };
		8DC94450179CA07100CE3D72 /* Reachability.h */ = {isa = PBXFileReference; fileEncoding = 4; lastKnownFileType = sourcecode.c.h; path = Reachability.h; sourceTree = "<group>"; };
		8DC94451179CA07100CE3D72 /* Reachability.m */ = {isa = PBXFileReference; fileEncoding = 4; lastKnownFileType = sourcecode.c.objc; path = Reachability.m; sourceTree = "<group>"; };
		8DC94453179CA0B600CE3D72 /* CFNetwork.framework */ = {isa = PBXFileReference; lastKnownFileType = wrapper.framework; name = CFNetwork.framework; path = System/Library/Frameworks/CFNetwork.framework; sourceTree = SDKROOT; };
		8DC94455179CA0BE00CE3D72 /* SystemConfiguration.framework */ = {isa = PBXFileReference; lastKnownFileType = wrapper.framework; name = SystemConfiguration.framework; path = System/Library/Frameworks/SystemConfiguration.framework; sourceTree = SDKROOT; };
		8DC94457179CA0C700CE3D72 /* MobileCoreServices.framework */ = {isa = PBXFileReference; lastKnownFileType = wrapper.framework; name = MobileCoreServices.framework; path = System/Library/Frameworks/MobileCoreServices.framework; sourceTree = SDKROOT; };
		8DC94459179CA0E000CE3D72 /* libz.dylib */ = {isa = PBXFileReference; lastKnownFileType = "compiled.mach-o.dylib"; name = libz.dylib; path = usr/lib/libz.dylib; sourceTree = SDKROOT; };
/* End PBXFileReference section */

/* Begin PBXFrameworksBuildPhase section */
		8DC43BAA174A221300129991 /* Frameworks */ = {
			isa = PBXFrameworksBuildPhase;
			buildActionMask = 2147483647;
			files = (
				8DC9445A179CA0E100CE3D72 /* libz.dylib in Frameworks */,
				8DC94458179CA0C700CE3D72 /* MobileCoreServices.framework in Frameworks */,
				8DC94456179CA0BE00CE3D72 /* SystemConfiguration.framework in Frameworks */,
				8DC94454179CA0B600CE3D72 /* CFNetwork.framework in Frameworks */,
				8DC94420179C19AB00CE3D72 /* MessageUI.framework in Frameworks */,
				8DC43BB1174A221300129991 /* UIKit.framework in Frameworks */,
				8DC43BB3174A221300129991 /* Foundation.framework in Frameworks */,
				8DC43BB5174A221300129991 /* CoreGraphics.framework in Frameworks */,
				8DC43BB7174A221300129991 /* CoreData.framework in Frameworks */,
			);
			runOnlyForDeploymentPostprocessing = 0;
		};
/* End PBXFrameworksBuildPhase section */

/* Begin PBXGroup section */
		8DC43BA4174A221300129991 = {
			isa = PBXGroup;
			children = (
				8DC94459179CA0E000CE3D72 /* libz.dylib */,
				8DC94457179CA0C700CE3D72 /* MobileCoreServices.framework */,
				8DC94455179CA0BE00CE3D72 /* SystemConfiguration.framework */,
				8DC94453179CA0B600CE3D72 /* CFNetwork.framework */,
				8DC9441F179C19AB00CE3D72 /* MessageUI.framework */,
				8DC43BB8174A221300129991 /* RSS Proxy */,
				8DC43BAF174A221300129991 /* Frameworks */,
				8DC43BAE174A221300129991 /* Products */,
			);
			sourceTree = "<group>";
		};
		8DC43BAE174A221300129991 /* Products */ = {
			isa = PBXGroup;
			children = (
				8DC43BAD174A221300129991 /* RSS Proxy.app */,
			);
			name = Products;
			sourceTree = "<group>";
		};
		8DC43BAF174A221300129991 /* Frameworks */ = {
			isa = PBXGroup;
			children = (
				8DC43BB0174A221300129991 /* UIKit.framework */,
				8DC43BB2174A221300129991 /* Foundation.framework */,
				8DC43BB4174A221300129991 /* CoreGraphics.framework */,
				8DC43BB6174A221300129991 /* CoreData.framework */,
			);
			name = Frameworks;
			sourceTree = "<group>";
		};
		8DC43BB8174A221300129991 /* RSS Proxy */ = {
			isa = PBXGroup;
			children = (
				8DC94433179CA04800CE3D72 /* ASIHttpRequest */,
				8DC943F0179C186700CE3D72 /* InAppSettingsKit */,
				8DC43BEE174AB1B900129991 /* MWFeed */,
				8DC43BED174AB1AB00129991 /* Models */,
				8DC43BC1174A221300129991 /* RPAppDelegate.h */,
				8DC43BC2174A221300129991 /* RPAppDelegate.m */,
				8DC43BCA174A221300129991 /* MainStoryboard_iPhone.storyboard */,
				8DC43BCD174A221300129991 /* MainStoryboard_iPad.storyboard */,
				8DC43BEA174AAB3500129991 /* RPFeedViewController.h */,
				8DC43BEB174AAB3500129991 /* RPFeedViewController.m */,
				8DC43BD3174A221300129991 /* RPMasterViewController.h */,
				8DC43BD4174A221300129991 /* RPMasterViewController.m */,
				8DC43BD6174A221300129991 /* RPDetailViewController.h */,
				8DC43BD7174A221300129991 /* RPDetailViewController.m */,
				8DC43BD0174A221300129991 /* RSS_Proxy.xcdatamodeld */,
				8DC43BB9174A221300129991 /* Supporting Files */,
			);
			path = "RSS Proxy";
			sourceTree = "<group>";
		};
		8DC43BB9174A221300129991 /* Supporting Files */ = {
			isa = PBXGroup;
			children = (
				8DC94425179C421600CE3D72 /* icon.png */,
				8DC94426179C421600CE3D72 /* icon@2x.png */,
				8DC94421179C41FF00CE3D72 /* settings.png */,
				8DC94422179C41FF00CE3D72 /* settings@2x.png */,
				8DC943E6179BCC2900CE3D72 /* items@2x.png */,
				8DC943E4179BCC2500CE3D72 /* items.png */,
				8DC943E2179BCB2000CE3D72 /* feeds.png */,
				8DC943DE179BC95A00CE3D72 /* unread.png */,
				8DC943DF179BC95A00CE3D72 /* unread@2x.png */,
				8DC43BBA174A221300129991 /* RSS Proxy-Info.plist */,
				8DC43BBB174A221300129991 /* InfoPlist.strings */,
				8DC43BBE174A221300129991 /* main.m */,
				8DC43BC0174A221300129991 /* RSS Proxy-Prefix.pch */,
				8DC43BC4174A221300129991 /* Default.png */,
				8DC43BC6174A221300129991 /* Default@2x.png */,
				8DC43BC8174A221300129991 /* Default-568h@2x.png */,
				8DC94431179C46DE00CE3D72 /* Settings.bundle */,
			);
			name = "Supporting Files";
			sourceTree = "<group>";
		};
		8DC43BED174AB1AB00129991 /* Models */ = {
			isa = PBXGroup;
			children = (
				8DC43BE1174A485B00129991 /* Feed.h */,
				8DC43BE2174A485B00129991 /* Feed.m */,
				8DC43BDE174A485A00129991 /* FeedItem.h */,
				8DC43BDF174A485A00129991 /* FeedItem.m */,
			);
			name = Models;
			sourceTree = "<group>";
		};
		8DC43BEE174AB1B900129991 /* MWFeed */ = {
			isa = PBXGroup;
			children = (
				8DC43C07174AB57B00129991 /* GTMNSString+HTML.h */,
				8DC43C08174AB57B00129991 /* GTMNSString+HTML.m */,
				8DC43BFD174AB54F00129991 /* NSDate+InternetDateTime.h */,
				8DC43BFE174AB54F00129991 /* NSDate+InternetDateTime.m */,
				8DC43BFF174AB54F00129991 /* NSString+HTML.h */,
				8DC43C00174AB54F00129991 /* NSString+HTML.m */,
				8DC43C01174AB54F00129991 /* NSString+XMLEntities.h */,
				8DC43C02174AB54F00129991 /* NSString+XMLEntities.m */,
				8DC43BFC174AB53500129991 /* MWFeedParser_Private.h */,
				8DC43BF3174AB29300129991 /* MWFeedInfo.h */,
				8DC43BF4174AB29300129991 /* MWFeedInfo.m */,
				8DC43BF5174AB29300129991 /* MWFeedItem.h */,
				8DC43BF6174AB29300129991 /* MWFeedItem.m */,
				8DC43BF1174AB1E100129991 /* MWFeedParser.h */,
				8DC43BF2174AB1E100129991 /* MWFeedParser.m */,
			);
			name = MWFeed;
			sourceTree = "<group>";
		};
		8DC943F0179C186700CE3D72 /* InAppSettingsKit */ = {
			isa = PBXGroup;
			children = (
				8DC943F1179C186700CE3D72 /* Controllers */,
				8DC943F9179C186700CE3D72 /* Models */,
				8DC94404179C186700CE3D72 /* Views */,
			);
			path = InAppSettingsKit;
			sourceTree = "<group>";
		};
		8DC943F1179C186700CE3D72 /* Controllers */ = {
			isa = PBXGroup;
			children = (
				8DC943F2179C186700CE3D72 /* IASKAppSettingsViewController.h */,
				8DC943F3179C186700CE3D72 /* IASKAppSettingsViewController.m */,
				8DC943F4179C186700CE3D72 /* IASKAppSettingsWebViewController.h */,
				8DC943F5179C186700CE3D72 /* IASKAppSettingsWebViewController.m */,
				8DC943F6179C186700CE3D72 /* IASKSpecifierValuesViewController.h */,
				8DC943F7179C186700CE3D72 /* IASKSpecifierValuesViewController.m */,
				8DC943F8179C186700CE3D72 /* IASKViewController.h */,
			);
			path = Controllers;
			sourceTree = "<group>";
		};
		8DC943F9179C186700CE3D72 /* Models */ = {
			isa = PBXGroup;
			children = (
				8DC943FA179C186700CE3D72 /* IASKSettingsReader.h */,
				8DC943FB179C186700CE3D72 /* IASKSettingsReader.m */,
				8DC943FC179C186700CE3D72 /* IASKSettingsStore.h */,
				8DC943FD179C186700CE3D72 /* IASKSettingsStore.m */,
				8DC943FE179C186700CE3D72 /* IASKSettingsStoreFile.h */,
				8DC943FF179C186700CE3D72 /* IASKSettingsStoreFile.m */,
				8DC94400179C186700CE3D72 /* IASKSettingsStoreUserDefaults.h */,
				8DC94401179C186700CE3D72 /* IASKSettingsStoreUserDefaults.m */,
				8DC94402179C186700CE3D72 /* IASKSpecifier.h */,
				8DC94403179C186700CE3D72 /* IASKSpecifier.m */,
			);
			path = Models;
			sourceTree = "<group>";
		};
		8DC94404179C186700CE3D72 /* Views */ = {
			isa = PBXGroup;
			children = (
				8DC94405179C186700CE3D72 /* IASKPSSliderSpecifierViewCell.h */,
				8DC94406179C186700CE3D72 /* IASKPSSliderSpecifierViewCell.m */,
				8DC94407179C186700CE3D72 /* IASKPSTextFieldSpecifierViewCell.h */,
				8DC94408179C186700CE3D72 /* IASKPSTextFieldSpecifierViewCell.m */,
				8DC94409179C186700CE3D72 /* IASKPSTitleValueSpecifierViewCell.h */,
				8DC9440A179C186700CE3D72 /* IASKPSTitleValueSpecifierViewCell.m */,
				8DC9440B179C186700CE3D72 /* IASKSlider.h */,
				8DC9440C179C186700CE3D72 /* IASKSlider.m */,
				8DC9440D179C186700CE3D72 /* IASKSwitch.h */,
				8DC9440E179C186700CE3D72 /* IASKSwitch.m */,
				8DC9440F179C186700CE3D72 /* IASKTextField.h */,
				8DC94410179C186700CE3D72 /* IASKTextField.m */,
			);
			path = Views;
			sourceTree = "<group>";
		};
		8DC94433179CA04800CE3D72 /* ASIHttpRequest */ = {
			isa = PBXGroup;
			children = (
				8DC94450179CA07100CE3D72 /* Reachability.h */,
				8DC94451179CA07100CE3D72 /* Reachability.m */,
				8DC94434179CA05600CE3D72 /* ASIAuthenticationDialog.h */,
				8DC94435179CA05600CE3D72 /* ASIAuthenticationDialog.m */,
				8DC94436179CA05600CE3D72 /* ASICacheDelegate.h */,
				8DC94437179CA05600CE3D72 /* ASIDataCompressor.h */,
				8DC94438179CA05600CE3D72 /* ASIDataCompressor.m */,
				8DC94439179CA05600CE3D72 /* ASIDataDecompressor.h */,
				8DC9443A179CA05600CE3D72 /* ASIDataDecompressor.m */,
				8DC9443B179CA05600CE3D72 /* ASIDownloadCache.h */,
				8DC9443C179CA05600CE3D72 /* ASIDownloadCache.m */,
				8DC9443D179CA05600CE3D72 /* ASIFormDataRequest.h */,
				8DC9443E179CA05600CE3D72 /* ASIFormDataRequest.m */,
				8DC9443F179CA05600CE3D72 /* ASIHTTPRequest.h */,
				8DC94440179CA05600CE3D72 /* ASIHTTPRequest.m */,
				8DC94441179CA05600CE3D72 /* ASIHTTPRequestConfig.h */,
				8DC94442179CA05600CE3D72 /* ASIHTTPRequestDelegate.h */,
				8DC94443179CA05600CE3D72 /* ASIInputStream.h */,
				8DC94444179CA05600CE3D72 /* ASIInputStream.m */,
				8DC94445179CA05600CE3D72 /* ASINetworkQueue.h */,
				8DC94446179CA05600CE3D72 /* ASINetworkQueue.m */,
				8DC94447179CA05600CE3D72 /* ASIProgressDelegate.h */,
			);
			name = ASIHttpRequest;
			sourceTree = "<group>";
		};
/* End PBXGroup section */

/* Begin PBXNativeTarget section */
		8DC43BAC174A221300129991 /* RSS Proxy */ = {
			isa = PBXNativeTarget;
			buildConfigurationList = 8DC43BDB174A221300129991 /* Build configuration list for PBXNativeTarget "RSS Proxy" */;
			buildPhases = (
				8DC43BA9174A221300129991 /* Sources */,
				8DC43BAA174A221300129991 /* Frameworks */,
				8DC43BAB174A221300129991 /* Resources */,
			);
			buildRules = (
			);
			dependencies = (
			);
			name = "RSS Proxy";
			productName = "RSS Proxy";
			productReference = 8DC43BAD174A221300129991 /* RSS Proxy.app */;
			productType = "com.apple.product-type.application";
		};
/* End PBXNativeTarget section */

/* Begin PBXProject section */
		8DC43BA5174A221300129991 /* Project object */ = {
			isa = PBXProject;
			attributes = {
				CLASSPREFIX = RP;
				LastUpgradeCheck = 0460;
				ORGANIZATIONNAME = aykit;
			};
			buildConfigurationList = 8DC43BA8174A221300129991 /* Build configuration list for PBXProject "RSS Proxy" */;
			compatibilityVersion = "Xcode 3.2";
			developmentRegion = English;
			hasScannedForEncodings = 0;
			knownRegions = (
				en,
			);
			mainGroup = 8DC43BA4174A221300129991;
			productRefGroup = 8DC43BAE174A221300129991 /* Products */;
			projectDirPath = "";
			projectRoot = "";
			targets = (
				8DC43BAC174A221300129991 /* RSS Proxy */,
			);
		};
/* End PBXProject section */

/* Begin PBXResourcesBuildPhase section */
		8DC43BAB174A221300129991 /* Resources */ = {
			isa = PBXResourcesBuildPhase;
			buildActionMask = 2147483647;
			files = (
				8DC43BBD174A221300129991 /* InfoPlist.strings in Resources */,
				8DC43BC5174A221300129991 /* Default.png in Resources */,
				8DC43BC7174A221300129991 /* Default@2x.png in Resources */,
				8DC43BC9174A221300129991 /* Default-568h@2x.png in Resources */,
				8DC43BCC174A221300129991 /* MainStoryboard_iPhone.storyboard in Resources */,
				8DC43BCF174A221300129991 /* MainStoryboard_iPad.storyboard in Resources */,
				8DC943E0179BC95A00CE3D72 /* unread.png in Resources */,
				8DC943E1179BC95A00CE3D72 /* unread@2x.png in Resources */,
				8DC943E3179BCB2000CE3D72 /* feeds.png in Resources */,
				8DC943E5179BCC2500CE3D72 /* items.png in Resources */,
				8DC943E7179BCC2900CE3D72 /* items@2x.png in Resources */,
				8DC94423179C41FF00CE3D72 /* settings.png in Resources */,
				8DC94424179C41FF00CE3D72 /* settings@2x.png in Resources */,
				8DC94427179C421600CE3D72 /* icon.png in Resources */,
				8DC94428179C421600CE3D72 /* icon@2x.png in Resources */,
				8DC94432179C46DE00CE3D72 /* Settings.bundle in Resources */,
			);
			runOnlyForDeploymentPostprocessing = 0;
		};
/* End PBXResourcesBuildPhase section */

/* Begin PBXSourcesBuildPhase section */
		8DC43BA9174A221300129991 /* Sources */ = {
			isa = PBXSourcesBuildPhase;
			buildActionMask = 2147483647;
			files = (
				8DC43C09174AB57F00129991 /* GTMNSString+HTML.m in Sources */,
				8DC43C03174AB55E00129991 /* NSDate+InternetDateTime.m in Sources */,
				8DC43C04174AB55E00129991 /* NSString+HTML.m in Sources */,
				8DC43C05174AB55E00129991 /* NSString+XMLEntities.m in Sources */,
				8DC43C06174AB55E00129991 /* MWFeedParser_Private.h in Sources */,
				8DC43BF9174AB3AD00129991 /* MWFeedInfo.m in Sources */,
				8DC43BFA174AB3AD00129991 /* MWFeedItem.m in Sources */,
				8DC43BFB174AB3AD00129991 /* MWFeedParser.m in Sources */,
				8DC43BBF174A221300129991 /* main.m in Sources */,
				8DC43BC3174A221300129991 /* RPAppDelegate.m in Sources */,
				8DC43BD2174A221300129991 /* RSS_Proxy.xcdatamodeld in Sources */,
				8DC43BD5174A221300129991 /* RPMasterViewController.m in Sources */,
				8DC43BD8174A221300129991 /* RPDetailViewController.m in Sources */,
				8DC43BE0174A485A00129991 /* FeedItem.m in Sources */,
				8DC43BE3174A485B00129991 /* Feed.m in Sources */,
				8DC43BEC174AAB3500129991 /* RPFeedViewController.m in Sources */,
				8DC94411179C186700CE3D72 /* IASKAppSettingsViewController.m in Sources */,
				8DC94412179C186700CE3D72 /* IASKAppSettingsWebViewController.m in Sources */,
				8DC94413179C186700CE3D72 /* IASKSpecifierValuesViewController.m in Sources */,
				8DC94414179C186700CE3D72 /* IASKSettingsReader.m in Sources */,
				8DC94415179C186700CE3D72 /* IASKSettingsStore.m in Sources */,
				8DC94416179C186700CE3D72 /* IASKSettingsStoreFile.m in Sources */,
				8DC94417179C186700CE3D72 /* IASKSettingsStoreUserDefaults.m in Sources */,
				8DC94418179C186700CE3D72 /* IASKSpecifier.m in Sources */,
				8DC94419179C186700CE3D72 /* IASKPSSliderSpecifierViewCell.m in Sources */,
				8DC9441A179C186700CE3D72 /* IASKPSTextFieldSpecifierViewCell.m in Sources */,
				8DC9441B179C186700CE3D72 /* IASKPSTitleValueSpecifierViewCell.m in Sources */,
				8DC9441C179C186700CE3D72 /* IASKSlider.m in Sources */,
				8DC9441D179C186700CE3D72 /* IASKSwitch.m in Sources */,
				8DC9441E179C186700CE3D72 /* IASKTextField.m in Sources */,
				8DC94448179CA05600CE3D72 /* ASIAuthenticationDialog.m in Sources */,
				8DC94449179CA05600CE3D72 /* ASIDataCompressor.m in Sources */,
				8DC9444A179CA05600CE3D72 /* ASIDataDecompressor.m in Sources */,
				8DC9444B179CA05600CE3D72 /* ASIDownloadCache.m in Sources */,
				8DC9444C179CA05600CE3D72 /* ASIFormDataRequest.m in Sources */,
				8DC9444D179CA05600CE3D72 /* ASIHTTPRequest.m in Sources */,
				8DC9444E179CA05600CE3D72 /* ASIInputStream.m in Sources */,
				8DC9444F179CA05600CE3D72 /* ASINetworkQueue.m in Sources */,
				8DC94452179CA07100CE3D72 /* Reachability.m in Sources */,
			);
			runOnlyForDeploymentPostprocessing = 0;
		};
/* End PBXSourcesBuildPhase section */

/* Begin PBXVariantGroup section */
		8DC43BBB174A221300129991 /* InfoPlist.strings */ = {
			isa = PBXVariantGroup;
			children = (
				8DC43BBC174A221300129991 /* en */,
			);
			name = InfoPlist.strings;
			sourceTree = "<group>";
		};
		8DC43BCA174A221300129991 /* MainStoryboard_iPhone.storyboard */ = {
			isa = PBXVariantGroup;
			children = (
				8DC43BCB174A221300129991 /* en */,
			);
			name = MainStoryboard_iPhone.storyboard;
			sourceTree = "<group>";
		};
		8DC43BCD174A221300129991 /* MainStoryboard_iPad.storyboard */ = {
			isa = PBXVariantGroup;
			children = (
				8DC43BCE174A221300129991 /* en */,
			);
			name = MainStoryboard_iPad.storyboard;
			sourceTree = "<group>";
		};
/* End PBXVariantGroup section */

/* Begin XCBuildConfiguration section */
		8DC43BD9174A221300129991 /* Debug */ = {
			isa = XCBuildConfiguration;
			buildSettings = {
				ALWAYS_SEARCH_USER_PATHS = NO;
				CLANG_CXX_LANGUAGE_STANDARD = "gnu++0x";
				CLANG_CXX_LIBRARY = "libc++";
				CLANG_ENABLE_OBJC_ARC = YES;
				CLANG_WARN_CONSTANT_CONVERSION = YES;
				CLANG_WARN_EMPTY_BODY = YES;
				CLANG_WARN_ENUM_CONVERSION = YES;
				CLANG_WARN_INT_CONVERSION = YES;
				CLANG_WARN__DUPLICATE_METHOD_MATCH = YES;
				"CODE_SIGN_IDENTITY[sdk=iphoneos*]" = "iPhone Developer";
				COPY_PHASE_STRIP = NO;
				GCC_C_LANGUAGE_STANDARD = gnu99;
				GCC_DYNAMIC_NO_PIC = NO;
				GCC_OPTIMIZATION_LEVEL = 0;
				GCC_PREPROCESSOR_DEFINITIONS = (
					"DEBUG=1",
					"$(inherited)",
				);
				GCC_SYMBOLS_PRIVATE_EXTERN = NO;
				GCC_WARN_ABOUT_RETURN_TYPE = YES;
				GCC_WARN_UNINITIALIZED_AUTOS = YES;
				GCC_WARN_UNUSED_VARIABLE = YES;
				IPHONEOS_DEPLOYMENT_TARGET = 6.1;
				ONLY_ACTIVE_ARCH = YES;
				SDKROOT = iphoneos;
				TARGETED_DEVICE_FAMILY = "1,2";
			};
			name = Debug;
		};
		8DC43BDA174A221300129991 /* Release */ = {
			isa = XCBuildConfiguration;
			buildSettings = {
				ALWAYS_SEARCH_USER_PATHS = NO;
				CLANG_CXX_LANGUAGE_STANDARD = "gnu++0x";
				CLANG_CXX_LIBRARY = "libc++";
				CLANG_ENABLE_OBJC_ARC = YES;
				CLANG_WARN_CONSTANT_CONVERSION = YES;
				CLANG_WARN_EMPTY_BODY = YES;
				CLANG_WARN_ENUM_CONVERSION = YES;
				CLANG_WARN_INT_CONVERSION = YES;
				CLANG_WARN__DUPLICATE_METHOD_MATCH = YES;
				"CODE_SIGN_IDENTITY[sdk=iphoneos*]" = "iPhone Developer";
				COPY_PHASE_STRIP = YES;
				GCC_C_LANGUAGE_STANDARD = gnu99;
				GCC_WARN_ABOUT_RETURN_TYPE = YES;
				GCC_WARN_UNINITIALIZED_AUTOS = YES;
				GCC_WARN_UNUSED_VARIABLE = YES;
				IPHONEOS_DEPLOYMENT_TARGET = 6.1;
				OTHER_CFLAGS = "-DNS_BLOCK_ASSERTIONS=1";
				SDKROOT = iphoneos;
				TARGETED_DEVICE_FAMILY = "1,2";
				VALIDATE_PRODUCT = YES;
			};
			name = Release;
		};
		8DC43BDC174A221300129991 /* Debug */ = {
			isa = XCBuildConfiguration;
			buildSettings = {
				GCC_PRECOMPILE_PREFIX_HEADER = YES;
				GCC_PREFIX_HEADER = "RSS Proxy/RSS Proxy-Prefix.pch";
				INFOPLIST_FILE = "RSS Proxy/RSS Proxy-Info.plist";
				IPHONEOS_DEPLOYMENT_TARGET = 7.0;
				PRODUCT_NAME = "$(TARGET_NAME)";
				WRAPPER_EXTENSION = app;
			};
			name = Debug;
		};
		8DC43BDD174A221300129991 /* Release */ = {
			isa = XCBuildConfiguration;
			buildSettings = {
				GCC_PRECOMPILE_PREFIX_HEADER = YES;
				GCC_PREFIX_HEADER = "RSS Proxy/RSS Proxy-Prefix.pch";
				INFOPLIST_FILE = "RSS Proxy/RSS Proxy-Info.plist";
				IPHONEOS_DEPLOYMENT_TARGET = 7.0;
				PRODUCT_NAME = "$(TARGET_NAME)";
				WRAPPER_EXTENSION = app;
			};
			name = Release;
		};
/* End XCBuildConfiguration section */

/* Begin XCConfigurationList section */
		8DC43BA8174A221300129991 /* Build configuration list for PBXProject "RSS Proxy" */ = {
			isa = XCConfigurationList;
			buildConfigurations = (
				8DC43BD9174A221300129991 /* Debug */,
				8DC43BDA174A221300129991 /* Release */,
			);
			defaultConfigurationIsVisible = 0;
			defaultConfigurationName = Release;
		};
		8DC43BDB174A221300129991 /* Build configuration list for PBXNativeTarget "RSS Proxy" */ = {
			isa = XCConfigurationList;
			buildConfigurations = (
				8DC43BDC174A221300129991 /* Debug */,
				8DC43BDD174A221300129991 /* Release */,
			);
			defaultConfigurationIsVisible = 0;
			defaultConfigurationName = Release;
		};
/* End XCConfigurationList section */

/* Begin XCVersionGroup section */
		8DC43BD0174A221300129991 /* RSS_Proxy.xcdatamodeld */ = {
			isa = XCVersionGroup;
			children = (
				8DC43BD1174A221300129991 /* RSS_Proxy.xcdatamodel */,
			);
			currentVersion = 8DC43BD1174A221300129991 /* RSS_Proxy.xcdatamodel */;
			path = RSS_Proxy.xcdatamodeld;
			sourceTree = "<group>";
			versionGroupType = wrapper.xcdatamodel;
		};
/* End XCVersionGroup section */
	};
	rootObject = 8DC43BA5174A221300129991 /* Project object */;
}
